
Microsoft Visual Studio Solution File, Format Version 12.00
# Visual Studio Version 16
VisualStudioVersion = 16.0.31313.79
MinimumVisualStudioVersion = 10.0.40219.1
Project("{9A19103F-16F7-4668-BE54-9A1E7A4F7556}") = "Riddim", "riddim\Riddim.csproj", "{73B56467-26DD-4C40-9831-7EB61D3917FE}"
EndProject
Global
	GlobalSection(SolutionConfigurationPlatforms) = preSolution
		Debug|Any CPU = Debug|Any CPU
		Release|Any CPU = Release|Any CPU
	EndGlobalSection
	GlobalSection(ProjectConfigurationPlatforms) = postSolution
		{73B56467-26DD-4C40-9831-7EB61D3917FE}.Debug|Any CPU.ActiveCfg = Debug|Any CPU
		{73B56467-26DD-4C40-9831-7EB61D3917FE}.Debug|Any CPU.Build.0 = Debug|Any CPU
		{73B56467-26DD-4C40-9831-7EB61D3917FE}.Release|Any CPU.ActiveCfg = Release|Any CPU
		{73B56467-26DD-4C40-9831-7EB61D3917FE}.Release|Any CPU.Build.0 = Release|Any CPU
	EndGlobalSection
	GlobalSection(SolutionProperties) = preSolution
		HideSolutionNode = FALSE
	EndGlobalSection
	GlobalSection(ExtensibilityGlobals) = postSolution
		SolutionGuid = {102314A4-F01E-4BA0-9A71-32A99F13DD48}
	EndGlobalSection
EndGlobal
